{
  "object": {
    "pins": [
      {
        "package": "AttributedText",
        "repositoryURL": "https://github.com/gonzalezreal/AttributedText",
        "state": {
          "branch": null,
          "revision": "2dc2d7864e0fee4b524a5850d7d7cf9a7eeda0fc",
          "version": "1.0.0"
        }
      },
      {
        "package": "combine-schedulers",
        "repositoryURL": "https://github.com/pointfreeco/combine-schedulers",
        "state": {
          "branch": null,
          "revision": "4cf088c29a20f52be0f2ca54992b492c54e0076b",
          "version": "0.5.3"
        }
      },
      {
        "package": "NetworkImage",
        "repositoryURL": "https://github.com/gonzalezreal/NetworkImage",
        "state": {
          "branch": null,
          "revision": "f8b8ed0be39d2f4aa00a6e8d3b18a62a94eff8d8",
          "version": "4.0.0"
        }
      },
      {
        "package": "cmark-gfm",
        "repositoryURL": "https://github.com/apple/swift-cmark.git",
        "state": {
          "branch": "gfm",
          "revision": "792c1c3326327515ce9bf64c44196b7f4daab9a6",
          "version": null
        }
      },
      {
        "package": "swift-markdown",
        "repositoryURL": "https://github.com/apple/swift-markdown.git",
        "state": {
          "branch": "main",
          "revision": "36cf89e36e94b025dbe37d82fe2a7da3f39d4204",
          "version": null
        }
      },
      {
        "package": "SnapshotTesting",
        "repositoryURL": "https://github.com/pointfreeco/swift-snapshot-testing",
        "state": {
          "branch": null,
          "revision": "f8a9c997c3c1dab4e216a8ec9014e23144cbab37",
          "version": "1.9.0"
        }
      },
      {
        "package": "xctest-dynamic-overlay",
        "repositoryURL": "https://github.com/pointfreeco/xctest-dynamic-overlay",
        "state": {
          "branch": null,
          "revision": "50a70a9d3583fe228ce672e8923010c8df2deddd",
          "version": "0.2.1"
        }
      }
    ]
  },
  "version": 1
}
